# This file is autogenerated, do not edit; changes may be undone by the next 'dep ensure'.


[[projects]]
  branch = "master"
  digest = "1:b9ed0475a5f2702704fba2d1f50dcaae426f090b05b4509ec86ddf7b0965cd5c"
  name = "dmitri.shuralyov.com/text/kebabcase"
  packages = ["."]
  pruneopts = "UT"
  revision = "40e40b42552a9cb37d6e98f4ad31f63ae53ea43a"

[[projects]]
  branch = "master"
  digest = "1:f6a10073544cc0bd1eb9fd9f8d9bf4644971910a0f8393d51b5b4d286e554849"
  name = "github.com/BurntSushi/locker"
  packages = ["."]
  pruneopts = "UT"
  revision = "a6e239ea1c69bff1cfdb20c4b73dadf52f784b6a"

[[projects]]
  branch = "master"
  digest = "1:9f3b30d9f8e0d7040f729b82dcbc8f0dead820a133b3147ce355fc451f32d761"
  name = "github.com/BurntSushi/toml"
  packages = ["."]
  pruneopts = "UT"
  revision = "3012a1dbe2e4bd1391d42b32f0577cb7bbc7f005"

[[projects]]
  digest = "1:65796e5fdb94d94bc0ee6bc422aa3541dbe69ed4da275cb5a27f8fa141f4e35c"
  name = "github.com/GeertJohan/go.rice"
  packages = [
    ".",
    "embedded",
  ]
  pruneopts = "UT"
  revision = "c02ca9a983da5807ddf7d796784928f5be4afd09"

[[projects]]
  digest = "1:d1665c44bd5db19aaee18d1b6233c99b0b9a986e8bccb24ef54747547a48027f"
  name = "github.com/PuerkitoBio/purell"
  packages = ["."]
  pruneopts = "UT"
  revision = "0bcb03f4b4d0a9428594752bd2a3b9aa0a9d4bd4"
  version = "v1.1.0"

[[projects]]
  branch = "master"
  digest = "1:c739832d67eb1e9cc478a19cc1a1ccd78df0397bf8a32978b759152e205f644b"
  name = "github.com/PuerkitoBio/urlesc"
  packages = ["."]
  pruneopts = "UT"
  revision = "de5bf2ad457846296e2031421a34e2568e304e35"

[[projects]]
  digest = "1:9253f97cfbbe049b631877c80badecc69620711b3e335f6cf97a7809681da388"
  name = "github.com/alecthomas/chroma"
  packages = [
    ".",
    "formatters",
    "formatters/html",
    "lexers",
    "lexers/a",
    "lexers/b",
    "lexers/c",
    "lexers/circular",
    "lexers/d",
    "lexers/e",
    "lexers/f",
    "lexers/g",
    "lexers/h",
    "lexers/i",
    "lexers/internal",
    "lexers/j",
    "lexers/k",
    "lexers/l",
    "lexers/m",
    "lexers/n",
    "lexers/o",
    "lexers/p",
    "lexers/q",
    "lexers/r",
    "lexers/s",
    "lexers/t",
    "lexers/v",
    "lexers/w",
    "lexers/x",
    "lexers/y",
    "styles",
  ]
  pruneopts = "UT"
  revision = "5d7fef2ae60b501bbf28d476c3f273b8017d8261"
  version = "v0.5.0"

[[projects]]
  digest = "1:98af1769cfe879ccb0bf88bb1ce3bd55e26f1730fe5dff384ab90b75a2c96172"
  name = "github.com/bep/debounce"
  packages = ["."]
  pruneopts = "UT"
  revision = "844797fa1dd9ba969d71b62797ff19d1e49d4eac"
  version = "v1.1.0"

[[projects]]
  digest = "1:ccd8c82134f30fbbb3afc398eaf579e118e77ec5c95a82ccd35ab0291426017a"
  name = "github.com/bep/gitmap"
  packages = ["."]
  pruneopts = "UT"
  revision = "ecb6fe06dbfd6bb4225e7fda7dc15612ecc8d960"
  version = "v1.0.0"

[[projects]]
  digest = "1:2286971e089f0a49304ddede7d308b23e7ed739810bde39ca7ef431629b2c060"
  name = "github.com/bep/go-tocss"
  packages = [
    "scss",
    "scss/libsass",
    "tocss",
  ]
  pruneopts = "UT"
  revision = "2abb118dc8688b6c7df44e12f4152c2bded9b19c"
  version = "v0.5.0"

[[projects]]
  digest = "1:68eae87f8e5391e83ed2f7568e727709c598672f9c8390460241dcc1c2db2d34"
  name = "github.com/chaseadamsio/goorgeous"
  packages = ["."]
  pruneopts = "UT"
  revision = "dcf1ef873b8987bf12596fe6951c48347986eb2f"
  version = "v1.1.0"

[[projects]]
  digest = "1:73857c01e2e98400b0e01c917e1d9ca7d9644c3736037f152cd0bb89562f6add"
  name = "github.com/cpuguy83/go-md2man"
  packages = ["md2man"]
  pruneopts = "UT"
  revision = "a65d4d2de4d5f7c74868dfa9b202a3c8be315aaa"
  version = "v1.0.6"

[[projects]]
  branch = "master"
  digest = "1:5fd5c4d4282935b7a575299494f2c09e9d2cacded7815c83aff7c1602aff3154"
  name = "github.com/daaku/go.zipexe"
  packages = ["."]
  pruneopts = "UT"
  revision = "a5fe2436ffcb3236e175e5149162b41cd28bd27d"

[[projects]]
  branch = "master"
  digest = "1:710109527a119c813d4fac773712dd92f449ed7c2f7b81f49822f94d290c8f72"
  name = "github.com/danwakefield/fnmatch"
  packages = ["."]
  pruneopts = "UT"
  revision = "cbb64ac3d964b81592e64f957ad53df015803288"

[[projects]]
  digest = "1:ffe9824d294da03b391f44e1ae8281281b4afc1bdaa9588c9097785e3af10cec"
  name = "github.com/davecgh/go-spew"
  packages = ["spew"]
  pruneopts = "UT"
  revision = "8991bc29aa16c548c550c7ff78260e27b9ab7c73"
  version = "v1.1.1"

[[projects]]
  digest = "1:42f06849824ba52b470510391251b0eb5a6b5c85c1950a1662dad58b570c628f"
  name = "github.com/disintegration/imaging"
  packages = ["."]
  pruneopts = "UT"
  revision = "dd50a3ee9985ccd313a2f03c398fcaedc96dc707"
  version = "v1.2.4"

[[projects]]
  digest = "1:72dc2b6056e7097f829260e4a2ff08d32fec6017df1982a66e110ab4128486f8"
  name = "github.com/dlclark/regexp2"
  packages = [
    ".",
    "syntax",
  ]
  pruneopts = "UT"
  revision = "487489b64fb796de2e55f4e8a4ad1e145f80e957"
  version = "v1.1.6"

[[projects]]
  branch = "master"
  digest = "1:f524f46fd5c8f8ae8bef1f754683f2fbb951fb616010be6ff6eed9a6e4082fd7"
  name = "github.com/eknkc/amber"
  packages = [
    ".",
    "parser",
  ]
  pruneopts = "UT"
  revision = "cdade1c073850f4ffc70a829e31235ea6892853b"

[[projects]]
  digest = "1:ca82a3b99694824c627573c2a76d0e49719b4a9c02d1d85a2ac91f1c1f52ab9b"
  name = "github.com/fatih/structs"
  packages = ["."]
  pruneopts = "UT"
  revision = "a720dfa8df582c51dee1b36feabb906bde1588bd"
  version = "v1.0"

[[projects]]
  digest = "1:abeb38ade3f32a92943e5be54f55ed6d6e3b6602761d74b4aab4c9dd45c18abd"
  name = "github.com/fsnotify/fsnotify"
  packages = ["."]
  pruneopts = "UT"
  revision = "c2828203cd70a50dcccfb2761f8b1f8ceef9a8e9"
  version = "v1.4.7"

[[projects]]
  digest = "1:c45cef8e0074ea2f8176a051df38553ba997a3616f1ec2d35222b1cf9864881e"
  name = "github.com/ghodss/yaml"
  packages = ["."]
  pruneopts = "UT"
  revision = "73d445a93680fa1a78ae23a5839bad48f32ba1ee"

[[projects]]
  digest = "1:38101365bdbea4ca2746cf7bac064b3f18d6a5561787d653a54f80c7afb4b513"
  name = "github.com/gobuffalo/envy"
  packages = ["."]
  pruneopts = "UT"
  revision = "3c96536452167a705ca5a70b831d3810e1e10452"
  version = "v1.6.4"

[[projects]]
  digest = "1:d5d0824f029cecbe33537700f267085e3eb0ffc20305cbabc4daa6be107f015c"
  name = "github.com/gobuffalo/github_flavored_markdown"
  packages = ["."]
  pruneopts = "UT"
  revision = "6af65dcbf5386db0b8da50e160ff0fdda7ef1459"
  version = "v1.0.0"

[[projects]]
  digest = "1:ada8bb7bda46e4c6c6dc1bc3411991693165e5a248dc1b529a5eb6a9894e6e51"
  name = "github.com/gobuffalo/plush"
  packages = [
    ".",
    "ast",
    "lexer",
    "parser",
    "token",
  ]
  pruneopts = "UT"
  revision = "621b4e90d1ccbbbcb80e1c6c6e01453121973055"
  version = "v3.7.16"

[[projects]]
  digest = "1:859b442c5b58b991503100ede25aa94e93cae03504c0361e5f2c9eca505eaea7"
  name = "github.com/gobuffalo/tags"
  packages = [
    ".",
    "form",
    "form/bootstrap",
  ]
  pruneopts = "UT"
  revision = "f854d1cc58aceb5665eb0c94440c3c1be273c5d2"
  version = "v2.0.10"

[[projects]]
  digest = "1:d0ab40ee41b788b931bf82d11ac756eaf0e2a76a40a5e5c1f60435af5ff3de98"
  name = "github.com/gobuffalo/uuid"
  packages = ["."]
  pruneopts = "UT"
  revision = "7652001f1b1ff3d69aa899943b668e9be27284a0"
  version = "v2.0.3"

[[projects]]
  digest = "1:0cffed04ef171ae26ee578e3a29bc3ca6e4b36db85bf6d5b1560edf2809f572f"
  name = "github.com/gobuffalo/validate"
  packages = [
    ".",
    "validators",
  ]
  pruneopts = "UT"
  revision = "f6f3be4568c1ac31b364193100816d272e36ddc5"
  version = "v2.0.3"

[[projects]]
  digest = "1:9ae31ce33b4bab257668963e844d98765b44160be4ee98cafc44637a213e530d"
  name = "github.com/gobwas/glob"
  packages = [
    ".",
    "compiler",
    "match",
    "syntax",
    "syntax/ast",
    "syntax/lexer",
    "util/runes",
    "util/strings",
  ]
  pruneopts = "UT"
  revision = "5ccd90ef52e1e632236f7326478d4faa74f99438"
  version = "v0.2.3"

[[projects]]
  digest = "1:964a7301152da406d915d77119b2f2bc260046a5db84a0e4d0ee683520e96f9a"
  name = "github.com/gohugoio/hugo"
  packages = [
    "bufferpool",
    "cache",
    "common/errors",
    "common/hugio",
    "common/loggers",
    "common/maps",
    "common/math",
    "common/types",
    "compare",
    "config",
    "config/privacy",
    "config/services",
    "create",
    "deps",
    "docshelper",
    "helpers",
    "hugofs",
    "hugolib",
    "hugolib/filesystems",
    "hugolib/pagemeta",
    "hugolib/paths",
    "i18n",
    "langs",
    "livereload",
    "media",
    "metrics",
    "minifiers",
    "output",
    "parser",
    "publisher",
    "related",
    "releaser",
    "resource",
    "resource/bundler",
    "resource/create",
    "resource/integrity",
    "resource/minifier",
    "resource/postcss",
    "resource/templates",
    "resource/tocss/scss",
    "source",
    "tpl",
    "tpl/cast",
    "tpl/collections",
    "tpl/compare",
    "tpl/crypto",
    "tpl/data",
    "tpl/encoding",
    "tpl/fmt",
    "tpl/images",
    "tpl/inflect",
    "tpl/internal",
    "tpl/lang",
    "tpl/math",
    "tpl/os",
    "tpl/partials",
    "tpl/path",
    "tpl/resources",
    "tpl/safe",
    "tpl/strings",
    "tpl/templates",
    "tpl/time",
    "tpl/tplimpl",
    "tpl/tplimpl/embedded",
    "tpl/transform",
    "tpl/urls",
    "transform",
    "transform/livereloadinject",
    "transform/metainject",
    "transform/urlreplacers",
    "watcher",
  ]
  pruneopts = "UT"
  revision = "7ef5096257e5208ebc99aa94ff0654c86b1487b3"
  version = "v0.47.1"

[[projects]]
  digest = "1:2edd2416f89b4e841df0e4a78802ce14d2bc7ad79eba1a45986e39f0f8cb7d87"
  name = "github.com/golang/glog"
  packages = ["."]
  pruneopts = "UT"
  revision = "44145f04b68cf362d9c4df2182967c2275eaefed"

[[projects]]
  digest = "1:b72c8ef795e79b80e0a1405566d7ec07b3f465114d2b3f66b4de1f1699fdbe5c"
  name = "github.com/google/go-jsonnet"
  packages = [
    ".",
    "ast",
    "parser",
  ]
  pruneopts = "UT"
  revision = "6144c57d2a054b72ff46219f655bf863b940e174"
  version = "v0.11.2"

[[projects]]
  digest = "1:cee8e8ac80df6373e7daa11baf1f98c1b6f7242c49ccae7e1ec34a971dc408d9"
  name = "github.com/gorilla/websocket"
  packages = ["."]
  pruneopts = "UT"
  revision = "3ff3320c2a1756a3691521efc290b4701575147c"
  version = "v1.3.0"

[[projects]]
  branch = "master"
  digest = "1:2394f5a25132b3868eff44599cc28d44bdd0330806e34c495d754dd052df612b"
  name = "github.com/hashicorp/go-immutable-radix"
  packages = ["."]
  pruneopts = "UT"
  revision = "7f3cd4390caab3250a57f30efdb2a65dd7649ecf"

[[projects]]
  branch = "master"
  digest = "1:e0e3eb7886110c57a7c103fbc5fc419b1651d3014655b47b71f26809c2daeb1c"
  name = "github.com/hashicorp/golang-lru"
  packages = ["simplelru"]
  pruneopts = "UT"
  revision = "0fb14efe8c47ae851c0034ed7a448854d3d34cf3"

[[projects]]
  digest = "1:c0d19ab64b32ce9fe5cf4ddceba78d5bc9807f0016db6b1183599da3dcc24d10"
  name = "github.com/hashicorp/hcl"
  packages = [
    ".",
    "hcl/ast",
    "hcl/parser",
    "hcl/printer",
    "hcl/scanner",
    "hcl/strconv",
    "hcl/token",
    "json/parser",
    "json/scanner",
    "json/token",
  ]
  pruneopts = "UT"
  revision = "8cb6e5b959231cc1119e43259c4a608f9c51a241"
  version = "v1.0.0"

[[projects]]
  digest = "1:870d441fe217b8e689d7949fef6e43efbc787e50f200cb1e70dbca9204a1d6be"
  name = "github.com/inconshreveable/mousetrap"
  packages = ["."]
  pruneopts = "UT"
  revision = "76626ae9c91c4f2a10f34cad8ce83ea42c93bb75"
  version = "v1.0"

[[projects]]
  digest = "1:767e0725f6c9ef48b3a6142c711ae8bc3f31cd0882218ec0e39c7278a83d0cfc"
  name = "github.com/jdkato/prose"
  packages = [
    "internal/util",
    "transform",
  ]
  pruneopts = "UT"
  revision = "20d3663d4bc9dd10d75abcde9d92e04b4861c674"
  version = "v1.1.0"

[[projects]]
  digest = "1:70e697d67ccaec45e16bac3a32380ebcd9e7e071079c60d0171d42cf1cf9748a"
  name = "github.com/joho/godotenv"
  packages = ["."]
  pruneopts = "UT"
  revision = "a79fa1e548e2c689c241d10173efd51e5d689d5b"
  version = "v1.2.0"

[[projects]]
  branch = "master"
  digest = "1:caf6db28595425c0e0f2301a00257d11712f65c1878e12cffc42f6b9a9cf3f23"
  name = "github.com/kardianos/osext"
  packages = ["."]
  pruneopts = "UT"
  revision = "ae77be60afb1dcacde03767a8c37337fad28ac14"

[[projects]]
  digest = "1:00661387edfe7a1de5364913b84a3301aa638feb34bc7b64e9f6ffc763dead50"
  name = "github.com/ksonnet/ksonnet"
  packages = [
    "pkg/docparser",
    "pkg/log",
    "pkg/util/jsonnet",
  ]
  pruneopts = "UT"
  revision = "5b4917a292a76a62e3d97852279575293ba73b50"
  version = "v0.12.0"

[[projects]]
  digest = "1:116f8fd160a78f14555e3652d7fdcce49c210625dea2e82ad5343c42736f7ea6"
  name = "github.com/ksonnet/ksonnet-lib"
  packages = [
    "ksonnet-gen/astext",
    "ksonnet-gen/printer",
  ]
  pruneopts = "UT"
  revision = "83f20ee933bcd13fcf4ad1b49a40c92135c5569c"
  version = "v0.1.10"

[[projects]]
  digest = "1:f4bd9b6cfcbaafa94259861747781022d8f06ff3c88aafe49a815ac02609bc96"
  name = "github.com/kyokomi/emoji"
  packages = ["."]
  pruneopts = "UT"
  revision = "2e9a9507333f3ee28f3fab88c2c3aba34455d734"
  version = "v1.5.1"

[[projects]]
  digest = "1:c568d7727aa262c32bdf8a3f7db83614f7af0ed661474b24588de635c20024c7"
  name = "github.com/magiconair/properties"
  packages = ["."]
  pruneopts = "UT"
  revision = "c2353362d570a7bfa228149c62842019201cfb71"
  version = "v1.8.0"

[[projects]]
  digest = "1:9a04107035229674926ebe8f3fde7abff4fc4a958dde6a6aacc1bc27c1c1322a"
  name = "github.com/markbates/inflect"
  packages = ["."]
  pruneopts = "UT"
  revision = "a12c3aec81a6a938bf584a4bac567afed9256586"

[[projects]]
  digest = "1:cdb899c199f907ac9fb50495ec71212c95cb5b0e0a8ee0800da0238036091033"
  name = "github.com/mattn/go-runewidth"
  packages = ["."]
  pruneopts = "UT"
  revision = "ce7b0b5c7b45a81508558cd1dba6bb1e4ddb51bb"
  version = "v0.0.3"

[[projects]]
  digest = "1:1fc201f179a7d45f944655de3cdbfb0a8a226fd525569454e31ca87f9e4bb677"
  name = "github.com/microcosm-cc/bluemonday"
  packages = ["."]
  pruneopts = "UT"
  revision = "82c7118e8ccf7403d4860175d97bb635e8e28239"
  version = "v1.0.1"

[[projects]]
  digest = "1:3594d9954adeb0fee90efa2dec5752d5107d8f1e5337744099859781c34cf808"
  name = "github.com/miekg/mmark"
  packages = ["."]
  pruneopts = "UT"
  revision = "fd2f6c1403b37925bd7fe13af05853b8ae58ee5f"
  version = "v1.3.6"

[[projects]]
  branch = "master"
  digest = "1:544635141f5fb084637823f438f3563be046a9730c256d2e7760dbb741cd88b5"
  name = "github.com/mitchellh/hashstructure"
  packages = ["."]
  pruneopts = "UT"
  revision = "2bca23e0e452137f789efbc8610126fd8b94f73b"

[[projects]]
  branch = "master"
  digest = "1:645110e089152bd0f4a011a2648fbb0e4df5977be73ca605781157ac297f50c4"
  name = "github.com/mitchellh/mapstructure"
  packages = ["."]
  pruneopts = "UT"
  revision = "fa473d140ef3c6adf42d6b391fe76707f1f243c8"

[[projects]]
  branch = "master"
  digest = "1:6817abdb2c5be1901bbb833a2bfd19911c2a2201452ad6df8f415a2dd62dca26"
  name = "github.com/muesli/smartcrop"
  packages = [
    ".",
    "options",
  ]
  pruneopts = "UT"
  revision = "f6ebaa786a12a0fdb2d7c6dee72808e68c296464"

[[projects]]
  digest = "1:d6d44d2433c588ea2956f9f152ffb73893072750787c6f24bfa9db07eeef06c2"
  name = "github.com/nicksnyder/go-i18n"
  packages = [
    "i18n/bundle",
    "i18n/language",
    "i18n/translation",
  ]
  pruneopts = "UT"
  revision = "0dc1626d56435e9d605a29875701721c54bc9bbd"
  version = "v1.10.0"

[[projects]]
  branch = "master"
  digest = "1:4daa045e1e1f3e23f4b07db6880cdf9f259dab65312dfe244a878e6070faaf77"
  name = "github.com/olekukonko/tablewriter"
  packages = ["."]
  pruneopts = "UT"
  revision = "d4647c9c7a84d847478d890b816b7d8b62b0b279"

[[projects]]
  digest = "1:6d4d9067e639d96a804ee9a30fa89c7233c5c5edbfe736072ff00d48c97bccc4"
  name = "github.com/otiai10/copy"
  packages = ["."]
  pruneopts = "UT"
  revision = "7e9a647135a142c2669943d4a4d29be015ce9392"

[[projects]]
  digest = "1:95741de3af260a92cc5c7f3f3061e85273f5a81b5db20d4bd68da74bd521675e"
  name = "github.com/pelletier/go-toml"
  packages = ["."]
  pruneopts = "UT"
  revision = "c01d1270ff3e442a8a57cddc1c92dc1138598194"
  version = "v1.2.0"

[[projects]]
  digest = "1:40e195917a951a8bf867cd05de2a46aaf1806c50cf92eebf4c16f78cd196f747"
  name = "github.com/pkg/errors"
  packages = ["."]
  pruneopts = "UT"
  revision = "645ef00459ed84a119197bfb8d8205042c6df63d"
  version = "v0.8.0"

[[projects]]
  digest = "1:0028cb19b2e4c3112225cd871870f2d9cf49b9b4276531f03438a88e94be86fe"
  name = "github.com/pmezard/go-difflib"
  packages = ["difflib"]
  pruneopts = "UT"
  revision = "792786c7400a136282c1664665ae0a8db921c6c2"
  version = "v1.0.0"

[[projects]]
  branch = "master"
  digest = "1:104cd1816844022392e00df97a4c673449c8aea7a841f13f7ccc84f0cc26925a"
  name = "github.com/russross/blackfriday"
  packages = ["."]
  pruneopts = "UT"
  revision = "46c73eb196baff5bb07288f245b223bd1a30fba6"

[[projects]]
  branch = "master"
  digest = "1:efa124a0ca36a35cc1a1b472cb0fa2be1e7d9fd1db0f8bc9a042e42e4c6405aa"
  name = "github.com/serenize/snaker"
  packages = ["."]
  pruneopts = "UT"
  revision = "a683aaf2d516deecd70cad0c72e3ca773ecfcef0"

[[projects]]
  digest = "1:d917313f309bda80d27274d53985bc65651f81a5b66b820749ac7f8ef061fd04"
  name = "github.com/sergi/go-diff"
  packages = ["diffmatchpatch"]
  pruneopts = "UT"
  revision = "1744e2970ca51c86172c8190fadad617561ed6e7"
  version = "v1.0.0"

[[projects]]
  branch = "master"
  digest = "1:c46a4157f74a181fab75707f9af94d77f8fcb1285d8eccd9451788586f42fe3e"
  name = "github.com/shurcooL/go"
  packages = [
    "parserutil",
    "printerutil",
    "reflectfind",
    "reflectsource",
  ]
  pruneopts = "UT"
  revision = "9e1955d9fb6e1ee2345ba1f5e71669263e719e27"

[[projects]]
  branch = "master"
  digest = "1:c347b6831c73fad4137117fb7e2cf1bc7ff03206ddcd7fb184e9af4fc96fa5b6"
  name = "github.com/shurcooL/go-goon"
  packages = ["."]
  pruneopts = "UT"
  revision = "37c2f522c041b74919a9e5e3a6c5c47eb34730a5"

[[projects]]
  branch = "master"
  digest = "1:23a0fdf4f939b35ca0f40530d39671b2fdd503e978a9783b89b059c7e9ff4889"
  name = "github.com/shurcooL/graphql"
  packages = ["ident"]
  pruneopts = "UT"
  revision = "62c9ce094e75302d560f7adcdf16c06d05aaa958"

[[projects]]
  branch = "master"
  digest = "1:d32f7d66b5b3598d2d6651a457972e0149f3315d26426b6e0440cf14c816c93d"
  name = "github.com/shurcooL/highlight_diff"
  packages = ["."]
  pruneopts = "UT"
  revision = "09bb4053de1b1d872a9f25dc21378fa71dca4e4e"

[[projects]]
  branch = "master"
  digest = "1:a2a9646521c0f00b6a9b27b7536a05407d72135def06d5bb3649101a051c4d15"
  name = "github.com/shurcooL/highlight_go"
  packages = ["."]
  pruneopts = "UT"
  revision = "78fb10f4a5f89e812a5e26ab723b954a51226086"

[[projects]]
  branch = "master"
  digest = "1:9604d25dbd1fbcfaaa02d6611c8b1afc07011bc6c0ae853ffe84115267d3503a"
  name = "github.com/shurcooL/octicon"
  packages = ["."]
  pruneopts = "UT"
  revision = "c42b0e3b24d96976ecac81ef691662777b39ef64"

[[projects]]
  branch = "master"
  digest = "1:def689e73e9252f6f7fe66834a76751a41b767e03daab299e607e7226c58a855"
  name = "github.com/shurcooL/sanitized_anchor_name"
  packages = ["."]
  pruneopts = "UT"
  revision = "86672fcb3f950f35f2e675df2240550f2a50762f"

[[projects]]
  digest = "1:7ab696eb65eef48aa01c255ce3979e716259987e1af2a69891d47b17c6127819"
  name = "github.com/sirupsen/logrus"
  packages = ["."]
  pruneopts = "UT"
  revision = "778f2e774c725116edbc3d039dc0dfc1cc62aae8"

[[projects]]
  branch = "master"
  digest = "1:7d1a56d6e478d101047b32fe6ea432966db16867a3984b53bef75e3c160087b1"
  name = "github.com/sourcegraph/annotate"
  packages = ["."]
  pruneopts = "UT"
  revision = "f4cad6c6324d3f584e1743d8b3e0e017a5f3a636"

[[projects]]
  branch = "master"
  digest = "1:9df4f012b99e1ea84cd1c3c29874cfb541b9726be43c62f05feef3a85e300688"
  name = "github.com/sourcegraph/syntaxhighlight"
  packages = ["."]
  pruneopts = "UT"
  revision = "bd320f5d308e1a3c4314c678d8227a0d72574ae7"

[[projects]]
  digest = "1:bd1ae00087d17c5a748660b8e89e1043e1e5479d0fea743352cda2f8dd8c4f84"
  name = "github.com/spf13/afero"
  packages = [
    ".",
    "mem",
  ]
  pruneopts = "UT"
  revision = "787d034dfe70e44075ccc060d346146ef53270ad"
  version = "v1.1.1"

[[projects]]
  digest = "1:516e71bed754268937f57d4ecb190e01958452336fa73dbac880894164e91c1f"
  name = "github.com/spf13/cast"
  packages = ["."]
  pruneopts = "UT"
  revision = "8965335b8c7107321228e3e3702cab9832751bac"
  version = "v1.2.0"

[[projects]]
  digest = "1:e01b05ba901239c783dfe56450bcde607fc858908529868259c9a8765dc176d0"
  name = "github.com/spf13/cobra"
  packages = [
    ".",
    "doc",
  ]
  pruneopts = "UT"
  revision = "ef82de70bb3f60c65fb8eebacbb2d122ef517385"
  version = "v0.0.3"

[[projects]]
  branch = "master"
  digest = "1:d52b7911fcc58a7045841ee1fa38d04372b888a02822ed3af00653393e99d500"
  name = "github.com/spf13/fsync"
  packages = ["."]
  pruneopts = "UT"
  revision = "12a01e648f05a938100a26858d2d59a120307a18"

[[projects]]
  digest = "1:b6f01fae2bf6804a9506079b870f4ff6289b530495a415b5dc372e1c58918e3c"
  name = "github.com/spf13/hugo"
  packages = ["commands"]
  pruneopts = "UT"
  revision = "7ef5096257e5208ebc99aa94ff0654c86b1487b3"
  version = "v0.47.1"

[[projects]]
  branch = "master"
  digest = "1:8a020f916b23ff574845789daee6818daf8d25a4852419aae3f0b12378ba432a"
  name = "github.com/spf13/jwalterweatherman"
  packages = ["."]
  pruneopts = "UT"
  revision = "14d3d4c518341bea657dd8a226f5121c0ff8c9f2"

[[projects]]
  branch = "master"
  digest = "1:5082c0d57a199dabc0868010784039249af0932fad2990b51ad9404c9a6b6e5d"
  name = "github.com/spf13/nitro"
  packages = ["."]
  pruneopts = "UT"
  revision = "24d7ef30a12da0bdc5e2eb370a79c659ddccf0e8"

[[projects]]
  digest = "1:dab83a1bbc7ad3d7a6ba1a1cc1760f25ac38cdf7d96a5cdd55cd915a4f5ceaf9"
  name = "github.com/spf13/pflag"
  packages = ["."]
  pruneopts = "UT"
  revision = "9a97c102cda95a86cec2345a6f09f55a939babf5"
  version = "v1.0.2"

[[projects]]
  digest = "1:4fc8a61287ccfb4286e1ca5ad2ce3b0b301d746053bf44ac38cf34e40ae10372"
  name = "github.com/spf13/viper"
  packages = ["."]
  pruneopts = "UT"
  revision = "907c19d40d9a6c9bb55f040ff4ae45271a4754b9"
  version = "v1.1.0"

[[projects]]
  digest = "1:c40d65817cdd41fac9aa7af8bed56927bb2d6d47e4fea566a74880f5c2b1c41e"
  name = "github.com/stretchr/testify"
  packages = [
    "assert",
    "require",
  ]
  pruneopts = "UT"
  revision = "f35b8ab0b5a2cef36673838d662e249dd9c94686"
  version = "v1.2.2"

[[projects]]
  digest = "1:60f7b73a51142139aaf86651aebfc2c8c2aa115f8146c2086e4aa55feb8eaeef"
  name = "github.com/tdewolff/minify"
  packages = [
    ".",
    "css",
    "html",
    "js",
    "json",
    "svg",
    "xml",
  ]
  pruneopts = "UT"
  revision = "8d72a4127ae33b755e95bffede9b92e396267ce2"
  version = "v2.3.5"

[[projects]]
  digest = "1:8f040e65f8051d5b0e3c0069f07d0fe933ad14fde025cf59f61e47db69c8cd52"
  name = "github.com/tdewolff/parse"
  packages = [
    ".",
    "buffer",
    "css",
    "html",
    "js",
    "json",
    "strconv",
    "svg",
    "xml",
  ]
  pruneopts = "UT"
  revision = "d739d6fccb0971177e06352fea02d3552625efb1"
  version = "v2.3.3"

[[projects]]
  digest = "1:89c4c45632acd21028adbb21648ef772ae09df8b3381e55e310af2e1398d34fa"
  name = "github.com/wellington/go-libsass"
  packages = ["libs"]
  pruneopts = "UT"
  revision = "12bf9de48e59457d2013ee7c959dc7d23b8875da"
  version = "v0.9.2"

[[projects]]
  digest = "1:9027c04a37010d3440f2474c7ee6dfc926b88dee07a764fe6f8d308c82e47e07"
  name = "github.com/yosssi/ace"
  packages = ["."]
  pruneopts = "UT"
  revision = "ea038f4770b6746c3f8f84f14fa60d9fe1205b56"
  version = "v0.0.5"

[[projects]]
  branch = "master"
  digest = "1:3f3a05ae0b95893d90b9b3b5afdb79a9b3d96e4e36e099d841ae602e4aca0da8"
  name = "golang.org/x/crypto"
  packages = ["ssh/terminal"]
  pruneopts = "UT"
  revision = "614d502a4dac94afa3a6ce146bd1736da82514c6"

[[projects]]
  branch = "master"
  digest = "1:b2cea2648792cc493bd35a6e84ca3e6b5cb3ff9fbc5d129d574ba828e7f36017"
  name = "golang.org/x/image"
  packages = [
    "bmp",
    "draw",
    "math/f64",
    "riff",
    "tiff",
    "tiff/lzw",
    "vp8",
    "vp8l",
    "webp",
  ]
  pruneopts = "UT"
  revision = "c73c2afc3b812cdd6385de5a50616511c4a3d458"

[[projects]]
  branch = "master"
  digest = "1:4bb0a0dc6e4b105e1f4519e190fe5a4a552fe4a5b50f736589f5e5ee66956040"
  name = "golang.org/x/net"
  packages = [
    "context",
    "html",
    "html/atom",
    "idna",
  ]
  pruneopts = "UT"
  revision = "8a410e7b638dca158bf9e766925842f6651ff828"

[[projects]]
  branch = "master"
  digest = "1:39ebcc2b11457b703ae9ee2e8cca0f68df21969c6102cb3b705f76cca0ea0239"
  name = "golang.org/x/sync"
  packages = ["errgroup"]
  pruneopts = "UT"
  revision = "1d60e4601c6fd243af51cc01ddf169918a5407ca"

[[projects]]
  branch = "master"
  digest = "1:0dafafed83f125cdc945a014b2dec15e5b5d8cd2d77a2d1e3763120b08ab381b"
  name = "golang.org/x/sys"
  packages = [
    "unix",
    "windows",
  ]
  pruneopts = "UT"
  revision = "4910a1d54f876d7b22162a85f4d066d3ee649450"

[[projects]]
  branch = "master"
  digest = "1:e9df50218d1f0a39917db63242fd46245256e073bcf85027e365b1d05666f2ce"
  name = "golang.org/x/text"
  packages = [
    "collate",
    "collate/build",
    "internal/colltab",
    "internal/gen",
    "internal/language",
    "internal/language/compact",
    "internal/tag",
    "internal/triegen",
    "internal/ucd",
    "language",
    "secure/bidirule",
    "transform",
    "unicode/bidi",
    "unicode/cldr",
    "unicode/norm",
    "unicode/rangetable",
    "width",
  ]
  pruneopts = "UT"
  revision = "6e3c4e7365ddcc329f090f96e4348398f6310088"

[[projects]]
  digest = "1:8bc629776d035c003c7814d4369521afe67fdb8efc4b5f66540d29343b98cf23"
  name = "gopkg.in/russross/blackfriday.v1"
  packages = ["."]
  pruneopts = "UT"
  revision = "55d61fa8aa702f59229e6cff85793c22e580eaf5"
  version = "v1.5.1"

[[projects]]
  branch = "v2"
  digest = "1:342378ac4dcb378a5448dd723f0784ae519383532f5e70ade24132c4c8693202"
  name = "gopkg.in/yaml.v2"
  packages = ["."]
  pruneopts = "UT"
  revision = "5420a8b6744d3b0345ab293f6fcba19c978f1183"

[[projects]]
  digest = "1:d6f2cbd4be9d434af8dc140573d4612456f1af11fb9c944b8c6bb137d199de06"
  name = "k8s.io/apimachinery"
  packages = ["pkg/util/yaml"]
  pruneopts = "UT"
  revision = "17529ec7eadb8de8e7dc835201455f53571f655a"
  version = "kubernetes-1.10.4"

[solve-meta]
  analyzer-name = "dep"
  analyzer-version = 1
  input-imports = [
    "github.com/GeertJohan/go.rice",
    "github.com/GeertJohan/go.rice/embedded",
    "github.com/gobuffalo/plush",
    "github.com/google/go-jsonnet/ast",
    "github.com/ksonnet/ksonnet-lib/ksonnet-gen/astext",
    "github.com/ksonnet/ksonnet-lib/ksonnet-gen/printer",
    "github.com/ksonnet/ksonnet/pkg/util/jsonnet",
    "github.com/otiai10/copy",
    "github.com/pkg/errors",
    "github.com/sirupsen/logrus",
    "github.com/spf13/hugo/commands",
    "github.com/stretchr/testify/assert",
    "github.com/stretchr/testify/require",
  ]
  solver-name = "gps-cdcl"
  solver-version = 1
